
Microsoft Visual Studio Solution File, Format Version 12.00
# Visual Studio 2013
VisualStudioVersion = 12.0.40629.0
MinimumVisualStudioVersion = 10.0.40219.1
Project("{FAE04EC0-301F-11D3-BF4B-00C04F79EFBC}") = "AssessmentTests", "AssessmentTests\AssessmentTests.csproj", "{34766062-6259-45BF-8C3B-D9F650AB5466}"
EndProject
Project("{FAE04EC0-301F-11D3-BF4B-00C04F79EFBC}") = "Application", "Application\Application.csproj", "{BAF26AB6-513A-4FA9-9F4F-81EF2730E85B}"
EndProject
Global
	GlobalSection(SolutionConfigurationPlatforms) = preSolution
		Debug|Any CPU = Debug|Any CPU
		Release|Any CPU = Release|Any CPU
	EndGlobalSection
	GlobalSection(ProjectConfigurationPlatforms) = postSolution
		{34766062-6259-45BF-8C3B-D9F650AB5466}.Debug|Any CPU.ActiveCfg = Debug|Any CPU
		{34766062-6259-45BF-8C3B-D9F650AB5466}.Debug|Any CPU.Build.0 = Debug|Any CPU
		{34766062-6259-45BF-8C3B-D9F650AB5466}.Release|Any CPU.ActiveCfg = Release|Any CPU
		{34766062-6259-45BF-8C3B-D9F650AB5466}.Release|Any CPU.Build.0 = Release|Any CPU
		{BAF26AB6-513A-4FA9-9F4F-81EF2730E85B}.Debug|Any CPU.ActiveCfg = Debug|Any CPU
		{BAF26AB6-513A-4FA9-9F4F-81EF2730E85B}.Debug|Any CPU.Build.0 = Debug|Any CPU
		{BAF26AB6-513A-4FA9-9F4F-81EF2730E85B}.Release|Any CPU.ActiveCfg = Release|Any CPU
		{BAF26AB6-513A-4FA9-9F4F-81EF2730E85B}.Release|Any CPU.Build.0 = Release|Any CPU
	EndGlobalSection
	GlobalSection(SolutionProperties) = preSolution
		HideSolutionNode = FALSE
	EndGlobalSection
EndGlobal
