
Microsoft Visual Studio Solution File, Format Version 12.00
# Visual Studio 2013
VisualStudioVersion = 12.0.40629.0
MinimumVisualStudioVersion = 10.0.40219.1
Project("{FAE04EC0-301F-11D3-BF4B-00C04F79EFBC}") = "FourPillars.Encapsulation", "FourPillars.Encapsulation\FourPillars.Encapsulation.csproj", "{DC2D4923-4D97-47BB-B901-D4AD68C65042}"
EndProject
Project("{FAE04EC0-301F-11D3-BF4B-00C04F79EFBC}") = "FourPillars.Inheritance", "FourPillars.Inheritance\FourPillars.Inheritance.csproj", "{BE757B9B-9414-493D-9DFC-18B80D784604}"
EndProject
Project("{FAE04EC0-301F-11D3-BF4B-00C04F79EFBC}") = "FourPillars.Abstraction", "FourPillars.Abstraction\FourPillars.Abstraction.csproj", "{3C8809FC-316A-4963-A67D-0E08BA277894}"
EndProject
Project("{FAE04EC0-301F-11D3-BF4B-00C04F79EFBC}") = "FourPillars.Polymorphism", "FourPillars.Polymorphism\FourPillars.Polymorphism.csproj", "{5CE6A41B-43D8-4FDD-8588-0DE73828FAFA}"
EndProject
Global
	GlobalSection(SubversionScc) = preSolution
		Svn-Managed = True
		Manager = AnkhSVN - Subversion Support for Visual Studio
	EndGlobalSection
	GlobalSection(SolutionConfigurationPlatforms) = preSolution
		Debug|Any CPU = Debug|Any CPU
		Release|Any CPU = Release|Any CPU
	EndGlobalSection
	GlobalSection(ProjectConfigurationPlatforms) = postSolution
		{DC2D4923-4D97-47BB-B901-D4AD68C65042}.Debug|Any CPU.ActiveCfg = Debug|Any CPU
		{DC2D4923-4D97-47BB-B901-D4AD68C65042}.Debug|Any CPU.Build.0 = Debug|Any CPU
		{DC2D4923-4D97-47BB-B901-D4AD68C65042}.Release|Any CPU.ActiveCfg = Release|Any CPU
		{DC2D4923-4D97-47BB-B901-D4AD68C65042}.Release|Any CPU.Build.0 = Release|Any CPU
		{BE757B9B-9414-493D-9DFC-18B80D784604}.Debug|Any CPU.ActiveCfg = Debug|Any CPU
		{BE757B9B-9414-493D-9DFC-18B80D784604}.Debug|Any CPU.Build.0 = Debug|Any CPU
		{BE757B9B-9414-493D-9DFC-18B80D784604}.Release|Any CPU.ActiveCfg = Release|Any CPU
		{BE757B9B-9414-493D-9DFC-18B80D784604}.Release|Any CPU.Build.0 = Release|Any CPU
		{3C8809FC-316A-4963-A67D-0E08BA277894}.Debug|Any CPU.ActiveCfg = Debug|Any CPU
		{3C8809FC-316A-4963-A67D-0E08BA277894}.Debug|Any CPU.Build.0 = Debug|Any CPU
		{3C8809FC-316A-4963-A67D-0E08BA277894}.Release|Any CPU.ActiveCfg = Release|Any CPU
		{3C8809FC-316A-4963-A67D-0E08BA277894}.Release|Any CPU.Build.0 = Release|Any CPU
		{5CE6A41B-43D8-4FDD-8588-0DE73828FAFA}.Debug|Any CPU.ActiveCfg = Debug|Any CPU
		{5CE6A41B-43D8-4FDD-8588-0DE73828FAFA}.Debug|Any CPU.Build.0 = Debug|Any CPU
		{5CE6A41B-43D8-4FDD-8588-0DE73828FAFA}.Release|Any CPU.ActiveCfg = Release|Any CPU
		{5CE6A41B-43D8-4FDD-8588-0DE73828FAFA}.Release|Any CPU.Build.0 = Release|Any CPU
	EndGlobalSection
	GlobalSection(SolutionProperties) = preSolution
		HideSolutionNode = FALSE
	EndGlobalSection
EndGlobal
