
Microsoft Visual Studio Solution File, Format Version 12.00
# Visual Studio 2013
VisualStudioVersion = 12.0.40629.0
MinimumVisualStudioVersion = 10.0.40219.1
Project("{FAE04EC0-301F-11D3-BF4B-00C04F79EFBC}") = "ONEDSO.EntityFramework", "ONEDSO.EntityFramework\ONEDSO.EntityFramework.csproj", "{1E629004-6157-4C5F-8AED-D69290D82FA9}"
EndProject
Project("{FAE04EC0-301F-11D3-BF4B-00C04F79EFBC}") = "ONEDSO.Tests", "ONEDSO.Tests\ONEDSO.Tests.csproj", "{DBAEF2E1-67FB-4AA4-AC53-FC8A4A9131A5}"
EndProject
Project("{FAE04EC0-301F-11D3-BF4B-00C04F79EFBC}") = "ONEDSO.Logic", "ONEDSO.Logic\ONEDSO.Logic.csproj", "{28EBBB26-31AF-4EED-8466-C2984B91B411}"
EndProject
Project("{FAE04EC0-301F-11D3-BF4B-00C04F79EFBC}") = "ONEDSO.Web.UI", "ONEDSO.Web.UI\ONEDSO.Web.UI.csproj", "{06DD9E70-49F1-4AD7-A8F6-DBF7A4E9460B}"
EndProject
Project("{2150E333-8FDC-42A3-9474-1A3956D46DE8}") = ".nuget", ".nuget", "{58DF7E8D-FB6F-4B69-9DC9-BBD65C389D97}"
	ProjectSection(SolutionItems) = preProject
		.nuget\packages.config = .nuget\packages.config
	EndProjectSection
EndProject
Global
	GlobalSection(SubversionScc) = preSolution
		Svn-Managed = True
		Manager = AnkhSVN - Subversion Support for Visual Studio
	EndGlobalSection
	GlobalSection(SolutionConfigurationPlatforms) = preSolution
		Debug|Any CPU = Debug|Any CPU
		Release|Any CPU = Release|Any CPU
	EndGlobalSection
	GlobalSection(ProjectConfigurationPlatforms) = postSolution
		{1E629004-6157-4C5F-8AED-D69290D82FA9}.Debug|Any CPU.ActiveCfg = Debug|Any CPU
		{1E629004-6157-4C5F-8AED-D69290D82FA9}.Debug|Any CPU.Build.0 = Debug|Any CPU
		{1E629004-6157-4C5F-8AED-D69290D82FA9}.Release|Any CPU.ActiveCfg = Release|Any CPU
		{1E629004-6157-4C5F-8AED-D69290D82FA9}.Release|Any CPU.Build.0 = Release|Any CPU
		{DBAEF2E1-67FB-4AA4-AC53-FC8A4A9131A5}.Debug|Any CPU.ActiveCfg = Debug|Any CPU
		{DBAEF2E1-67FB-4AA4-AC53-FC8A4A9131A5}.Debug|Any CPU.Build.0 = Debug|Any CPU
		{DBAEF2E1-67FB-4AA4-AC53-FC8A4A9131A5}.Release|Any CPU.ActiveCfg = Release|Any CPU
		{DBAEF2E1-67FB-4AA4-AC53-FC8A4A9131A5}.Release|Any CPU.Build.0 = Release|Any CPU
		{28EBBB26-31AF-4EED-8466-C2984B91B411}.Debug|Any CPU.ActiveCfg = Debug|Any CPU
		{28EBBB26-31AF-4EED-8466-C2984B91B411}.Debug|Any CPU.Build.0 = Debug|Any CPU
		{28EBBB26-31AF-4EED-8466-C2984B91B411}.Release|Any CPU.ActiveCfg = Release|Any CPU
		{28EBBB26-31AF-4EED-8466-C2984B91B411}.Release|Any CPU.Build.0 = Release|Any CPU
		{06DD9E70-49F1-4AD7-A8F6-DBF7A4E9460B}.Debug|Any CPU.ActiveCfg = Debug|Any CPU
		{06DD9E70-49F1-4AD7-A8F6-DBF7A4E9460B}.Debug|Any CPU.Build.0 = Debug|Any CPU
		{06DD9E70-49F1-4AD7-A8F6-DBF7A4E9460B}.Release|Any CPU.ActiveCfg = Release|Any CPU
		{06DD9E70-49F1-4AD7-A8F6-DBF7A4E9460B}.Release|Any CPU.Build.0 = Release|Any CPU
	EndGlobalSection
	GlobalSection(SolutionProperties) = preSolution
		HideSolutionNode = FALSE
	EndGlobalSection
EndGlobal
