
Microsoft Visual Studio Solution File, Format Version 12.00
# Visual Studio 2013
VisualStudioVersion = 12.0.40629.0
MinimumVisualStudioVersion = 10.0.40219.1
Project("{FAE04EC0-301F-11D3-BF4B-00C04F79EFBC}") = "FDMGift.EntityFramework", "FDMGift.EntityFramework\FDMGift.EntityFramework.csproj", "{B63C031E-1AA0-489F-B153-0590BF2FA223}"
EndProject
Project("{FAE04EC0-301F-11D3-BF4B-00C04F79EFBC}") = "FDMGift.Web.UI", "FDMGift.Web.UI\FDMGift.Web.UI.csproj", "{FDA35AF2-85D1-49BC-A2D3-A0B665508204}"
EndProject
Project("{FAE04EC0-301F-11D3-BF4B-00C04F79EFBC}") = "FDMGift.Web.UI.Tests", "FDMGift.Web.UI.Tests\FDMGift.Web.UI.Tests.csproj", "{4FBF9743-239D-42C6-BBC5-365A22463936}"
EndProject
Project("{FAE04EC0-301F-11D3-BF4B-00C04F79EFBC}") = "FDMGift.Logic", "FDMGift.Logic\FDMGift.Logic.csproj", "{DA4564BA-8E6D-4006-9865-61DEC655B6CB}"
EndProject
Project("{FAE04EC0-301F-11D3-BF4B-00C04F79EFBC}") = "FDMGift.WPF", "FDMGift.WPF\FDMGift.WPF.csproj", "{F6A5F316-4CC3-4022-82B1-4A3697B8E810}"
EndProject
Project("{2150E333-8FDC-42A3-9474-1A3956D46DE8}") = ".nuget", ".nuget", "{4771D011-108E-415E-A9F1-DFBC6E21960E}"
	ProjectSection(SolutionItems) = preProject
		.nuget\packages.config = .nuget\packages.config
	EndProjectSection
EndProject
Global
	GlobalSection(SubversionScc) = preSolution
		Svn-Managed = True
		Manager = AnkhSVN - Subversion Support for Visual Studio
	EndGlobalSection
	GlobalSection(SolutionConfigurationPlatforms) = preSolution
		Debug|Any CPU = Debug|Any CPU
		Release|Any CPU = Release|Any CPU
	EndGlobalSection
	GlobalSection(ProjectConfigurationPlatforms) = postSolution
		{B63C031E-1AA0-489F-B153-0590BF2FA223}.Debug|Any CPU.ActiveCfg = Debug|Any CPU
		{B63C031E-1AA0-489F-B153-0590BF2FA223}.Debug|Any CPU.Build.0 = Debug|Any CPU
		{B63C031E-1AA0-489F-B153-0590BF2FA223}.Release|Any CPU.ActiveCfg = Release|Any CPU
		{B63C031E-1AA0-489F-B153-0590BF2FA223}.Release|Any CPU.Build.0 = Release|Any CPU
		{FDA35AF2-85D1-49BC-A2D3-A0B665508204}.Debug|Any CPU.ActiveCfg = Debug|Any CPU
		{FDA35AF2-85D1-49BC-A2D3-A0B665508204}.Debug|Any CPU.Build.0 = Debug|Any CPU
		{FDA35AF2-85D1-49BC-A2D3-A0B665508204}.Release|Any CPU.ActiveCfg = Release|Any CPU
		{FDA35AF2-85D1-49BC-A2D3-A0B665508204}.Release|Any CPU.Build.0 = Release|Any CPU
		{4FBF9743-239D-42C6-BBC5-365A22463936}.Debug|Any CPU.ActiveCfg = Debug|Any CPU
		{4FBF9743-239D-42C6-BBC5-365A22463936}.Debug|Any CPU.Build.0 = Debug|Any CPU
		{4FBF9743-239D-42C6-BBC5-365A22463936}.Release|Any CPU.ActiveCfg = Release|Any CPU
		{4FBF9743-239D-42C6-BBC5-365A22463936}.Release|Any CPU.Build.0 = Release|Any CPU
		{DA4564BA-8E6D-4006-9865-61DEC655B6CB}.Debug|Any CPU.ActiveCfg = Debug|Any CPU
		{DA4564BA-8E6D-4006-9865-61DEC655B6CB}.Debug|Any CPU.Build.0 = Debug|Any CPU
		{DA4564BA-8E6D-4006-9865-61DEC655B6CB}.Release|Any CPU.ActiveCfg = Release|Any CPU
		{DA4564BA-8E6D-4006-9865-61DEC655B6CB}.Release|Any CPU.Build.0 = Release|Any CPU
		{F6A5F316-4CC3-4022-82B1-4A3697B8E810}.Debug|Any CPU.ActiveCfg = Debug|Any CPU
		{F6A5F316-4CC3-4022-82B1-4A3697B8E810}.Debug|Any CPU.Build.0 = Debug|Any CPU
		{F6A5F316-4CC3-4022-82B1-4A3697B8E810}.Release|Any CPU.ActiveCfg = Release|Any CPU
		{F6A5F316-4CC3-4022-82B1-4A3697B8E810}.Release|Any CPU.Build.0 = Release|Any CPU
	EndGlobalSection
	GlobalSection(SolutionProperties) = preSolution
		HideSolutionNode = FALSE
	EndGlobalSection
EndGlobal
