
Microsoft Visual Studio Solution File, Format Version 12.00
# Visual Studio 2013
VisualStudioVersion = 12.0.40629.0
MinimumVisualStudioVersion = 10.0.40219.1
Project("{FAE04EC0-301F-11D3-BF4B-00C04F79EFBC}") = "Mocking.BookShop", "Mocking.BookShop\Mocking.BookShop.csproj", "{588DEE7E-5411-4D55-946A-DC6A27A684D8}"
EndProject
Project("{FAE04EC0-301F-11D3-BF4B-00C04F79EFBC}") = "Mocking.Tests", "Mocking.Tests\Mocking.Tests.csproj", "{758C8A38-DBEA-470E-B275-D826CA968E2B}"
EndProject
Global
	GlobalSection(SolutionConfigurationPlatforms) = preSolution
		Debug|Any CPU = Debug|Any CPU
		Release|Any CPU = Release|Any CPU
	EndGlobalSection
	GlobalSection(ProjectConfigurationPlatforms) = postSolution
		{588DEE7E-5411-4D55-946A-DC6A27A684D8}.Debug|Any CPU.ActiveCfg = Debug|Any CPU
		{588DEE7E-5411-4D55-946A-DC6A27A684D8}.Debug|Any CPU.Build.0 = Debug|Any CPU
		{588DEE7E-5411-4D55-946A-DC6A27A684D8}.Release|Any CPU.ActiveCfg = Release|Any CPU
		{588DEE7E-5411-4D55-946A-DC6A27A684D8}.Release|Any CPU.Build.0 = Release|Any CPU
		{758C8A38-DBEA-470E-B275-D826CA968E2B}.Debug|Any CPU.ActiveCfg = Debug|Any CPU
		{758C8A38-DBEA-470E-B275-D826CA968E2B}.Debug|Any CPU.Build.0 = Debug|Any CPU
		{758C8A38-DBEA-470E-B275-D826CA968E2B}.Release|Any CPU.ActiveCfg = Release|Any CPU
		{758C8A38-DBEA-470E-B275-D826CA968E2B}.Release|Any CPU.Build.0 = Release|Any CPU
	EndGlobalSection
	GlobalSection(SolutionProperties) = preSolution
		HideSolutionNode = FALSE
	EndGlobalSection
EndGlobal
